PODS:
  - Analytics (3.8.1)
  - Realm (5.0.3):
    - Realm/Headers (= 5.0.3)
  - Realm/Headers (5.0.3)
  - RealmSwift (5.0.3):
    - Realm (= 5.0.3)

DEPENDENCIES:
  - Analytics (= 3.8.1)
  - RealmSwift (= 5.0.3)

SPEC REPOS:
  trunk:
    - Analytics
    - Realm
    - RealmSwift

SPEC CHECKSUMS:
  Analytics: 45b1faec509367a99c7b788cc5389180c43fe3fc
  Realm: bfca1699b61b0b17c3a69ae0e648314eae91fbdb
  RealmSwift: 493c9f089cd3893b3959007973c0e4f640906ba0

PODFILE CHECKSUM: 77f78afbd3dead8f8d38bc8f1714736413da8c46

COCOAPODS: 1.9.1
