// !$*UTF8*$!
{
	archiveVersion = 1;
	classes = {
	};
	objectVersion = 50;
	objects = {

/* Begin PBXBuildFile section */
		32AE296F46B2FC9C886748F3 /* Pods_sample_ios_project_sample_ios_projectUITests.framework in Frameworks */ = {isa = PBXBuildFile; fileRef = FFE1AE41CD0AA226F44AD05C /* Pods_sample_ios_project_sample_ios_projectUITests.framework */; };
		4313F5B03BD0B7AB67EC6739 /* Pods_sample_ios_projectTests.framework in Frameworks */ = {isa = PBXBuildFile; fileRef = 126004F62EF888A79BE56AD8 /* Pods_sample_ios_projectTests.framework */; };
		ACA486E824A814DF004A2C53 /* AppDelegate.swift in Sources */ = {isa = PBXBuildFile; fileRef = ACA486E724A814DF004A2C53 /* AppDelegate.swift */; };
		ACA486EA24A814DF004A2C53 /* SceneDelegate.swift in Sources */ = {isa = PBXBuildFile; fileRef = ACA486E924A814DF004A2C53 /* SceneDelegate.swift */; };
		ACA486EC24A814DF004A2C53 /* ContentView.swift in Sources */ = {isa = PBXBuildFile; fileRef = ACA486EB24A814DF004A2C53 /* ContentView.swift */; };
		ACA486EE24A814E2004A2C53 /* Assets.xcassets in Resources */ = {isa = PBXBuildFile; fileRef = ACA486ED24A814E2004A2C53 /* Assets.xcassets */; };
		ACA486F124A814E2004A2C53 /* Preview Assets.xcassets in Resources */ = {isa = PBXBuildFile; fileRef = ACA486F024A814E2004A2C53 /* Preview Assets.xcassets */; };
		ACA486F424A814E2004A2C53 /* LaunchScreen.storyboard in Resources */ = {isa = PBXBuildFile; fileRef = ACA486F224A814E2004A2C53 /* LaunchScreen.storyboard */; };
		ACA486FF24A814E2004A2C53 /* sample_ios_projectTests.swift in Sources */ = {isa = PBXBuildFile; fileRef = ACA486FE24A814E2004A2C53 /* sample_ios_projectTests.swift */; };
		ACA4870A24A814E2004A2C53 /* sample_ios_projectUITests.swift in Sources */ = {isa = PBXBuildFile; fileRef = ACA4870924A814E2004A2C53 /* sample_ios_projectUITests.swift */; };
		C1EE472308F0E6FAA5C85B68 /* Pods_sample_ios_project.framework in Frameworks */ = {isa = PBXBuildFile; fileRef = F5F326BACE3E7474CAC193E1 /* Pods_sample_ios_project.framework */; };
/* End PBXBuildFile section */

/* Begin PBXContainerItemProxy section */
		ACA486FB24A814E2004A2C53 /* PBXContainerItemProxy */ = {
			isa = PBXContainerItemProxy;
			containerPortal = ACA486DC24A814DF004A2C53 /* Project object */;
			proxyType = 1;
			remoteGlobalIDString = ACA486E324A814DF004A2C53;
			remoteInfo = "sample-ios-project";
		};
		ACA4870624A814E2004A2C53 /* PBXContainerItemProxy */ = {
			isa = PBXContainerItemProxy;
			containerPortal = ACA486DC24A814DF004A2C53 /* Project object */;
			proxyType = 1;
			remoteGlobalIDString = ACA486E324A814DF004A2C53;
			remoteInfo = "sample-ios-project";
		};
/* End PBXContainerItemProxy section */

/* Begin PBXFileReference section */
		126004F62EF888A79BE56AD8 /* Pods_sample_ios_projectTests.framework */ = {isa = PBXFileReference; explicitFileType = wrapper.framework; includeInIndex = 0; path = Pods_sample_ios_projectTests.framework; sourceTree = BUILT_PRODUCTS_DIR; };
		58454729AE093C30C758B0CE /* Pods-sample-ios-projectTests.debug.xcconfig */ = {isa = PBXFileReference; includeInIndex = 1; lastKnownFileType = text.xcconfig; name = "Pods-sample-ios-projectTests.debug.xcconfig"; path = "Target Support Files/Pods-sample-ios-projectTests/Pods-sample-ios-projectTests.debug.xcconfig"; sourceTree = "<group>"; };
		7D35515E64DDE9EE9AFA9486 /* Pods-sample-ios-project-sample-ios-projectUITests.release.xcconfig */ = {isa = PBXFileReference; includeInIndex = 1; lastKnownFileType = text.xcconfig; name = "Pods-sample-ios-project-sample-ios-projectUITests.release.xcconfig"; path = "Target Support Files/Pods-sample-ios-project-sample-ios-projectUITests/Pods-sample-ios-project-sample-ios-projectUITests.release.xcconfig"; sourceTree = "<group>"; };
		89A4B6D73D16C65FD7F19642 /* Pods-sample-ios-project.debug.xcconfig */ = {isa = PBXFileReference; includeInIndex = 1; lastKnownFileType = text.xcconfig; name = "Pods-sample-ios-project.debug.xcconfig"; path = "Target Support Files/Pods-sample-ios-project/Pods-sample-ios-project.debug.xcconfig"; sourceTree = "<group>"; };
		ACA486E424A814DF004A2C53 /* sample-ios-project.app */ = {isa = PBXFileReference; explicitFileType = wrapper.application; includeInIndex = 0; path = "sample-ios-project.app"; sourceTree = BUILT_PRODUCTS_DIR; };
		ACA486E724A814DF004A2C53 /* AppDelegate.swift */ = {isa = PBXFileReference; lastKnownFileType = sourcecode.swift; path = AppDelegate.swift; sourceTree = "<group>"; };
		ACA486E924A814DF004A2C53 /* SceneDelegate.swift */ = {isa = PBXFileReference; lastKnownFileType = sourcecode.swift; path = SceneDelegate.swift; sourceTree = "<group>"; };
		ACA486EB24A814DF004A2C53 /* ContentView.swift */ = {isa = PBXFileReference; lastKnownFileType = sourcecode.swift; path = ContentView.swift; sourceTree = "<group>"; };
		ACA486ED24A814E2004A2C53 /* Assets.xcassets */ = {isa = PBXFileReference; lastKnownFileType = folder.assetcatalog; path = Assets.xcassets; sourceTree = "<group>"; };
		ACA486F024A814E2004A2C53 /* Preview Assets.xcassets */ = {isa = PBXFileReference; lastKnownFileType = folder.assetcatalog; path = "Preview Assets.xcassets"; sourceTree = "<group>"; };
		ACA486F324A814E2004A2C53 /* Base */ = {isa = PBXFileReference; lastKnownFileType = file.storyboard; name = Base; path = Base.lproj/LaunchScreen.storyboard; sourceTree = "<group>"; };
		ACA486F524A814E2004A2C53 /* Info.plist */ = {isa = PBXFileReference; lastKnownFileType = text.plist.xml; path = Info.plist; sourceTree = "<group>"; };
		ACA486FA24A814E2004A2C53 /* sample-ios-projectTests.xctest */ = {isa = PBXFileReference; explicitFileType = wrapper.cfbundle; includeInIndex = 0; path = "sample-ios-projectTests.xctest"; sourceTree = BUILT_PRODUCTS_DIR; };
		ACA486FE24A814E2004A2C53 /* sample_ios_projectTests.swift */ = {isa = PBXFileReference; lastKnownFileType = sourcecode.swift; path = sample_ios_projectTests.swift; sourceTree = "<group>"; };
		ACA4870024A814E2004A2C53 /* Info.plist */ = {isa = PBXFileReference; lastKnownFileType = text.plist.xml; path = Info.plist; sourceTree = "<group>"; };
		ACA4870524A814E2004A2C53 /* sample-ios-projectUITests.xctest */ = {isa = PBXFileReference; explicitFileType = wrapper.cfbundle; includeInIndex = 0; path = "sample-ios-projectUITests.xctest"; sourceTree = BUILT_PRODUCTS_DIR; };
		ACA4870924A814E2004A2C53 /* sample_ios_projectUITests.swift */ = {isa = PBXFileReference; lastKnownFileType = sourcecode.swift; path = sample_ios_projectUITests.swift; sourceTree = "<group>"; };
		ACA4870B24A814E2004A2C53 /* Info.plist */ = {isa = PBXFileReference; lastKnownFileType = text.plist.xml; path = Info.plist; sourceTree = "<group>"; };
		D010C738CA430F20B1102EC3 /* Pods-sample-ios-project-sample-ios-projectUITests.debug.xcconfig */ = {isa = PBXFileReference; includeInIndex = 1; lastKnownFileType = text.xcconfig; name = "Pods-sample-ios-project-sample-ios-projectUITests.debug.xcconfig"; path = "Target Support Files/Pods-sample-ios-project-sample-ios-projectUITests/Pods-sample-ios-project-sample-ios-projectUITests.debug.xcconfig"; sourceTree = "<group>"; };
		D9EA151A585411E7F938751E /* Pods-sample-ios-projectTests.release.xcconfig */ = {isa = PBXFileReference; includeInIndex = 1; lastKnownFileType = text.xcconfig; name = "Pods-sample-ios-projectTests.release.xcconfig"; path = "Target Support Files/Pods-sample-ios-projectTests/Pods-sample-ios-projectTests.release.xcconfig"; sourceTree = "<group>"; };
		F59F10B668095BFCEFC8426D /* Pods-sample-ios-project.release.xcconfig */ = {isa = PBXFileReference; includeInIndex = 1; lastKnownFileType = text.xcconfig; name = "Pods-sample-ios-project.release.xcconfig"; path = "Target Support Files/Pods-sample-ios-project/Pods-sample-ios-project.release.xcconfig"; sourceTree = "<group>"; };
		F5F326BACE3E7474CAC193E1 /* Pods_sample_ios_project.framework */ = {isa = PBXFileReference; explicitFileType = wrapper.framework; includeInIndex = 0; path = Pods_sample_ios_project.framework; sourceTree = BUILT_PRODUCTS_DIR; };
		FFE1AE41CD0AA226F44AD05C /* Pods_sample_ios_project_sample_ios_projectUITests.framework */ = {isa = PBXFileReference; explicitFileType = wrapper.framework; includeInIndex = 0; path = Pods_sample_ios_project_sample_ios_projectUITests.framework; sourceTree = BUILT_PRODUCTS_DIR; };
/* End PBXFileReference section */

/* Begin PBXFrameworksBuildPhase section */
		ACA486E124A814DF004A2C53 /* Frameworks */ = {
			isa = PBXFrameworksBuildPhase;
			buildActionMask = 2147483647;
			files = (
				C1EE472308F0E6FAA5C85B68 /* Pods_sample_ios_project.framework in Frameworks */,
			);
			runOnlyForDeploymentPostprocessing = 0;
		};
		ACA486F724A814E2004A2C53 /* Frameworks */ = {
			isa = PBXFrameworksBuildPhase;
			buildActionMask = 2147483647;
			files = (
				4313F5B03BD0B7AB67EC6739 /* Pods_sample_ios_projectTests.framework in Frameworks */,
			);
			runOnlyForDeploymentPostprocessing = 0;
		};
		ACA4870224A814E2004A2C53 /* Frameworks */ = {
			isa = PBXFrameworksBuildPhase;
			buildActionMask = 2147483647;
			files = (
				32AE296F46B2FC9C886748F3 /* Pods_sample_ios_project_sample_ios_projectUITests.framework in Frameworks */,
			);
			runOnlyForDeploymentPostprocessing = 0;
		};
/* End PBXFrameworksBuildPhase section */

/* Begin PBXGroup section */
		1E6FFC29319A40D6FD4600D6 /* Frameworks */ = {
			isa = PBXGroup;
			children = (
				F5F326BACE3E7474CAC193E1 /* Pods_sample_ios_project.framework */,
				FFE1AE41CD0AA226F44AD05C /* Pods_sample_ios_project_sample_ios_projectUITests.framework */,
				126004F62EF888A79BE56AD8 /* Pods_sample_ios_projectTests.framework */,
			);
			name = Frameworks;
			sourceTree = "<group>";
		};
		ACA486DB24A814DF004A2C53 = {
			isa = PBXGroup;
			children = (
				ACA486E624A814DF004A2C53 /* sample-ios-project */,
				ACA486FD24A814E2004A2C53 /* sample-ios-projectTests */,
				ACA4870824A814E2004A2C53 /* sample-ios-projectUITests */,
				ACA486E524A814DF004A2C53 /* Products */,
				BB76CB48F5FE56FF58769341 /* Pods */,
				1E6FFC29319A40D6FD4600D6 /* Frameworks */,
			);
			sourceTree = "<group>";
		};
		ACA486E524A814DF004A2C53 /* Products */ = {
			isa = PBXGroup;
			children = (
				ACA486E424A814DF004A2C53 /* sample-ios-project.app */,
				ACA486FA24A814E2004A2C53 /* sample-ios-projectTests.xctest */,
				ACA4870524A814E2004A2C53 /* sample-ios-projectUITests.xctest */,
			);
			name = Products;
			sourceTree = "<group>";
		};
		ACA486E624A814DF004A2C53 /* sample-ios-project */ = {
			isa = PBXGroup;
			children = (
				ACA486E724A814DF004A2C53 /* AppDelegate.swift */,
				ACA486E924A814DF004A2C53 /* SceneDelegate.swift */,
				ACA486EB24A814DF004A2C53 /* ContentView.swift */,
				ACA486ED24A814E2004A2C53 /* Assets.xcassets */,
				ACA486F224A814E2004A2C53 /* LaunchScreen.storyboard */,
				ACA486F524A814E2004A2C53 /* Info.plist */,
				ACA486EF24A814E2004A2C53 /* Preview Content */,
			);
			path = "sample-ios-project";
			sourceTree = "<group>";
		};
		ACA486EF24A814E2004A2C53 /* Preview Content */ = {
			isa = PBXGroup;
			children = (
				ACA486F024A814E2004A2C53 /* Preview Assets.xcassets */,
			);
			path = "Preview Content";
			sourceTree = "<group>";
		};
		ACA486FD24A814E2004A2C53 /* sample-ios-projectTests */ = {
			isa = PBXGroup;
			children = (
				ACA486FE24A814E2004A2C53 /* sample_ios_projectTests.swift */,
				ACA4870024A814E2004A2C53 /* Info.plist */,
			);
			path = "sample-ios-projectTests";
			sourceTree = "<group>";
		};
		ACA4870824A814E2004A2C53 /* sample-ios-projectUITests */ = {
			isa = PBXGroup;
			children = (
				ACA4870924A814E2004A2C53 /* sample_ios_projectUITests.swift */,
				ACA4870B24A814E2004A2C53 /* Info.plist */,
			);
			path = "sample-ios-projectUITests";
			sourceTree = "<group>";
		};
		BB76CB48F5FE56FF58769341 /* Pods */ = {
			isa = PBXGroup;
			children = (
				89A4B6D73D16C65FD7F19642 /* Pods-sample-ios-project.debug.xcconfig */,
				F59F10B668095BFCEFC8426D /* Pods-sample-ios-project.release.xcconfig */,
				D010C738CA430F20B1102EC3 /* Pods-sample-ios-project-sample-ios-projectUITests.debug.xcconfig */,
				7D35515E64DDE9EE9AFA9486 /* Pods-sample-ios-project-sample-ios-projectUITests.release.xcconfig */,
				58454729AE093C30C758B0CE /* Pods-sample-ios-projectTests.debug.xcconfig */,
				D9EA151A585411E7F938751E /* Pods-sample-ios-projectTests.release.xcconfig */,
			);
			name = Pods;
			path = Pods;
			sourceTree = "<group>";
		};
/* End PBXGroup section */

/* Begin PBXNativeTarget section */
		ACA486E324A814DF004A2C53 /* sample-ios-project */ = {
			isa = PBXNativeTarget;
			buildConfigurationList = ACA4870E24A814E2004A2C53 /* Build configuration list for PBXNativeTarget "sample-ios-project" */;
			buildPhases = (
				52D29218F291DC5BA4CFEA2E /* [CP] Check Pods Manifest.lock */,
				ACA486E024A814DF004A2C53 /* Sources */,
				ACA486E124A814DF004A2C53 /* Frameworks */,
				ACA486E224A814DF004A2C53 /* Resources */,
				C0A1F32C475CD321A4AC55FD /* [CP] Embed Pods Frameworks */,
			);
			buildRules = (
			);
			dependencies = (
			);
			name = "sample-ios-project";
			productName = "sample-ios-project";
			productReference = ACA486E424A814DF004A2C53 /* sample-ios-project.app */;
			productType = "com.apple.product-type.application";
		};
		ACA486F924A814E2004A2C53 /* sample-ios-projectTests */ = {
			isa = PBXNativeTarget;
			buildConfigurationList = ACA4871124A814E2004A2C53 /* Build configuration list for PBXNativeTarget "sample-ios-projectTests" */;
			buildPhases = (
				05B623214E7CABEDCD99ACE7 /* [CP] Check Pods Manifest.lock */,
				ACA486F624A814E2004A2C53 /* Sources */,
				ACA486F724A814E2004A2C53 /* Frameworks */,
				ACA486F824A814E2004A2C53 /* Resources */,
			);
			buildRules = (
			);
			dependencies = (
				ACA486FC24A814E2004A2C53 /* PBXTargetDependency */,
			);
			name = "sample-ios-projectTests";
			productName = "sample-ios-projectTests";
			productReference = ACA486FA24A814E2004A2C53 /* sample-ios-projectTests.xctest */;
			productType = "com.apple.product-type.bundle.unit-test";
		};
		ACA4870424A814E2004A2C53 /* sample-ios-projectUITests */ = {
			isa = PBXNativeTarget;
			buildConfigurationList = ACA4871424A814E2004A2C53 /* Build configuration list for PBXNativeTarget "sample-ios-projectUITests" */;
			buildPhases = (
				5FD32FD3D23D577C94DD3466 /* [CP] Check Pods Manifest.lock */,
				ACA4870124A814E2004A2C53 /* Sources */,
				ACA4870224A814E2004A2C53 /* Frameworks */,
				ACA4870324A814E2004A2C53 /* Resources */,
				9885BCB6DF4AA76E83A88A7D /* [CP] Embed Pods Frameworks */,
			);
			buildRules = (
			);
			dependencies = (
				ACA4870724A814E2004A2C53 /* PBXTargetDependency */,
			);
			name = "sample-ios-projectUITests";
			productName = "sample-ios-projectUITests";
			productReference = ACA4870524A814E2004A2C53 /* sample-ios-projectUITests.xctest */;
			productType = "com.apple.product-type.bundle.ui-testing";
		};
/* End PBXNativeTarget section */

/* Begin PBXProject section */
		ACA486DC24A814DF004A2C53 /* Project object */ = {
			isa = PBXProject;
			attributes = {
				LastSwiftUpdateCheck = 1150;
				LastUpgradeCheck = 1150;
				ORGANIZATIONNAME = "Soneji, Ankit";
				TargetAttributes = {
					ACA486E324A814DF004A2C53 = {
						CreatedOnToolsVersion = 11.5;
					};
					ACA486F924A814E2004A2C53 = {
						CreatedOnToolsVersion = 11.5;
						TestTargetID = ACA486E324A814DF004A2C53;
					};
					ACA4870424A814E2004A2C53 = {
						CreatedOnToolsVersion = 11.5;
						TestTargetID = ACA486E324A814DF004A2C53;
					};
				};
			};
			buildConfigurationList = ACA486DF24A814DF004A2C53 /* Build configuration list for PBXProject "sample-ios-project" */;
			compatibilityVersion = "Xcode 9.3";
			developmentRegion = en;
			hasScannedForEncodings = 0;
			knownRegions = (
				en,
				Base,
			);
			mainGroup = ACA486DB24A814DF004A2C53;
			productRefGroup = ACA486E524A814DF004A2C53 /* Products */;
			projectDirPath = "";
			projectRoot = "";
			targets = (
				ACA486E324A814DF004A2C53 /* sample-ios-project */,
				ACA486F924A814E2004A2C53 /* sample-ios-projectTests */,
				ACA4870424A814E2004A2C53 /* sample-ios-projectUITests */,
			);
		};
/* End PBXProject section */

/* Begin PBXResourcesBuildPhase section */
		ACA486E224A814DF004A2C53 /* Resources */ = {
			isa = PBXResourcesBuildPhase;
			buildActionMask = 2147483647;
			files = (
				ACA486F424A814E2004A2C53 /* LaunchScreen.storyboard in Resources */,
				ACA486F124A814E2004A2C53 /* Preview Assets.xcassets in Resources */,
				ACA486EE24A814E2004A2C53 /* Assets.xcassets in Resources */,
			);
			runOnlyForDeploymentPostprocessing = 0;
		};
		ACA486F824A814E2004A2C53 /* Resources */ = {
			isa = PBXResourcesBuildPhase;
			buildActionMask = 2147483647;
			files = (
			);
			runOnlyForDeploymentPostprocessing = 0;
		};
		ACA4870324A814E2004A2C53 /* Resources */ = {
			isa = PBXResourcesBuildPhase;
			buildActionMask = 2147483647;
			files = (
			);
			runOnlyForDeploymentPostprocessing = 0;
		};
/* End PBXResourcesBuildPhase section */

/* Begin PBXShellScriptBuildPhase section */
		05B623214E7CABEDCD99ACE7 /* [CP] Check Pods Manifest.lock */ = {
			isa = PBXShellScriptBuildPhase;
			buildActionMask = 2147483647;
			files = (
			);
			inputFileListPaths = (
			);
			inputPaths = (
				"${PODS_PODFILE_DIR_PATH}/Podfile.lock",
				"${PODS_ROOT}/Manifest.lock",
			);
			name = "[CP] Check Pods Manifest.lock";
			outputFileListPaths = (
			);
			outputPaths = (
				"$(DERIVED_FILE_DIR)/Pods-sample-ios-projectTests-checkManifestLockResult.txt",
			);
			runOnlyForDeploymentPostprocessing = 0;
			shellPath = /bin/sh;
			shellScript = "diff \"${PODS_PODFILE_DIR_PATH}/Podfile.lock\" \"${PODS_ROOT}/Manifest.lock\" > /dev/null\nif [ $? != 0 ] ; then\n    # print error to STDERR\n    echo \"error: The sandbox is not in sync with the Podfile.lock. Run 'pod install' or update your CocoaPods installation.\" >&2\n    exit 1\nfi\n# This output is used by Xcode 'outputs' to avoid re-running this script phase.\necho \"SUCCESS\" > \"${SCRIPT_OUTPUT_FILE_0}\"\n";
			showEnvVarsInLog = 0;
		};
		52D29218F291DC5BA4CFEA2E /* [CP] Check Pods Manifest.lock */ = {
			isa = PBXShellScriptBuildPhase;
			buildActionMask = 2147483647;
			files = (
			);
			inputFileListPaths = (
			);
			inputPaths = (
				"${PODS_PODFILE_DIR_PATH}/Podfile.lock",
				"${PODS_ROOT}/Manifest.lock",
			);
			name = "[CP] Check Pods Manifest.lock";
			outputFileListPaths = (
			);
			outputPaths = (
				"$(DERIVED_FILE_DIR)/Pods-sample-ios-project-checkManifestLockResult.txt",
			);
			runOnlyForDeploymentPostprocessing = 0;
			shellPath = /bin/sh;
			shellScript = "diff \"${PODS_PODFILE_DIR_PATH}/Podfile.lock\" \"${PODS_ROOT}/Manifest.lock\" > /dev/null\nif [ $? != 0 ] ; then\n    # print error to STDERR\n    echo \"error: The sandbox is not in sync with the Podfile.lock. Run 'pod install' or update your CocoaPods installation.\" >&2\n    exit 1\nfi\n# This output is used by Xcode 'outputs' to avoid re-running this script phase.\necho \"SUCCESS\" > \"${SCRIPT_OUTPUT_FILE_0}\"\n";
			showEnvVarsInLog = 0;
		};
		5FD32FD3D23D577C94DD3466 /* [CP] Check Pods Manifest.lock */ = {
			isa = PBXShellScriptBuildPhase;
			buildActionMask = 2147483647;
			files = (
			);
			inputFileListPaths = (
			);
			inputPaths = (
				"${PODS_PODFILE_DIR_PATH}/Podfile.lock",
				"${PODS_ROOT}/Manifest.lock",
			);
			name = "[CP] Check Pods Manifest.lock";
			outputFileListPaths = (
			);
			outputPaths = (
				"$(DERIVED_FILE_DIR)/Pods-sample-ios-project-sample-ios-projectUITests-checkManifestLockResult.txt",
			);
			runOnlyForDeploymentPostprocessing = 0;
			shellPath = /bin/sh;
			shellScript = "diff \"${PODS_PODFILE_DIR_PATH}/Podfile.lock\" \"${PODS_ROOT}/Manifest.lock\" > /dev/null\nif [ $? != 0 ] ; then\n    # print error to STDERR\n    echo \"error: The sandbox is not in sync with the Podfile.lock. Run 'pod install' or update your CocoaPods installation.\" >&2\n    exit 1\nfi\n# This output is used by Xcode 'outputs' to avoid re-running this script phase.\necho \"SUCCESS\" > \"${SCRIPT_OUTPUT_FILE_0}\"\n";
			showEnvVarsInLog = 0;
		};
		9885BCB6DF4AA76E83A88A7D /* [CP] Embed Pods Frameworks */ = {
			isa = PBXShellScriptBuildPhase;
			buildActionMask = 2147483647;
			files = (
			);
			inputFileListPaths = (
				"${PODS_ROOT}/Target Support Files/Pods-sample-ios-project-sample-ios-projectUITests/Pods-sample-ios-project-sample-ios-projectUITests-frameworks-${CONFIGURATION}-input-files.xcfilelist",
			);
			name = "[CP] Embed Pods Frameworks";
			outputFileListPaths = (
				"${PODS_ROOT}/Target Support Files/Pods-sample-ios-project-sample-ios-projectUITests/Pods-sample-ios-project-sample-ios-projectUITests-frameworks-${CONFIGURATION}-output-files.xcfilelist",
			);
			runOnlyForDeploymentPostprocessing = 0;
			shellPath = /bin/sh;
			shellScript = "\"${PODS_ROOT}/Target Support Files/Pods-sample-ios-project-sample-ios-projectUITests/Pods-sample-ios-project-sample-ios-projectUITests-frameworks.sh\"\n";
			showEnvVarsInLog = 0;
		};
		C0A1F32C475CD321A4AC55FD /* [CP] Embed Pods Frameworks */ = {
			isa = PBXShellScriptBuildPhase;
			buildActionMask = 2147483647;
			files = (
			);
			inputFileListPaths = (
				"${PODS_ROOT}/Target Support Files/Pods-sample-ios-project/Pods-sample-ios-project-frameworks-${CONFIGURATION}-input-files.xcfilelist",
			);
			name = "[CP] Embed Pods Frameworks";
			outputFileListPaths = (
				"${PODS_ROOT}/Target Support Files/Pods-sample-ios-project/Pods-sample-ios-project-frameworks-${CONFIGURATION}-output-files.xcfilelist",
			);
			runOnlyForDeploymentPostprocessing = 0;
			shellPath = /bin/sh;
			shellScript = "\"${PODS_ROOT}/Target Support Files/Pods-sample-ios-project/Pods-sample-ios-project-frameworks.sh\"\n";
			showEnvVarsInLog = 0;
		};
/* End PBXShellScriptBuildPhase section */

/* Begin PBXSourcesBuildPhase section */
		ACA486E024A814DF004A2C53 /* Sources */ = {
			isa = PBXSourcesBuildPhase;
			buildActionMask = 2147483647;
			files = (
				ACA486E824A814DF004A2C53 /* AppDelegate.swift in Sources */,
				ACA486EA24A814DF004A2C53 /* SceneDelegate.swift in Sources */,
				ACA486EC24A814DF004A2C53 /* ContentView.swift in Sources */,
			);
			runOnlyForDeploymentPostprocessing = 0;
		};
		ACA486F624A814E2004A2C53 /* Sources */ = {
			isa = PBXSourcesBuildPhase;
			buildActionMask = 2147483647;
			files = (
				ACA486FF24A814E2004A2C53 /* sample_ios_projectTests.swift in Sources */,
			);
			runOnlyForDeploymentPostprocessing = 0;
		};
		ACA4870124A814E2004A2C53 /* Sources */ = {
			isa = PBXSourcesBuildPhase;
			buildActionMask = 2147483647;
			files = (
				ACA4870A24A814E2004A2C53 /* sample_ios_projectUITests.swift in Sources */,
			);
			runOnlyForDeploymentPostprocessing = 0;
		};
/* End PBXSourcesBuildPhase section */

/* Begin PBXTargetDependency section */
		ACA486FC24A814E2004A2C53 /* PBXTargetDependency */ = {
			isa = PBXTargetDependency;
			target = ACA486E324A814DF004A2C53 /* sample-ios-project */;
			targetProxy = ACA486FB24A814E2004A2C53 /* PBXContainerItemProxy */;
		};
		ACA4870724A814E2004A2C53 /* PBXTargetDependency */ = {
			isa = PBXTargetDependency;
			target = ACA486E324A814DF004A2C53 /* sample-ios-project */;
			targetProxy = ACA4870624A814E2004A2C53 /* PBXContainerItemProxy */;
		};
/* End PBXTargetDependency section */

/* Begin PBXVariantGroup section */
		ACA486F224A814E2004A2C53 /* LaunchScreen.storyboard */ = {
			isa = PBXVariantGroup;
			children = (
				ACA486F324A814E2004A2C53 /* Base */,
			);
			name = LaunchScreen.storyboard;
			sourceTree = "<group>";
		};
/* End PBXVariantGroup section */

/* Begin XCBuildConfiguration section */
		ACA4870C24A814E2004A2C53 /* Debug */ = {
			isa = XCBuildConfiguration;
			buildSettings = {
				ALWAYS_SEARCH_USER_PATHS = NO;
				CLANG_ANALYZER_NONNULL = YES;
				CLANG_ANALYZER_NUMBER_OBJECT_CONVERSION = YES_AGGRESSIVE;
				CLANG_CXX_LANGUAGE_STANDARD = "gnu++14";
				CLANG_CXX_LIBRARY = "libc++";
				CLANG_ENABLE_MODULES = YES;
				CLANG_ENABLE_OBJC_ARC = YES;
				CLANG_ENABLE_OBJC_WEAK = YES;
				CLANG_WARN_BLOCK_CAPTURE_AUTORELEASING = YES;
				CLANG_WARN_BOOL_CONVERSION = YES;
				CLANG_WARN_COMMA = YES;
				CLANG_WARN_CONSTANT_CONVERSION = YES;
				CLANG_WARN_DEPRECATED_OBJC_IMPLEMENTATIONS = YES;
				CLANG_WARN_DIRECT_OBJC_ISA_USAGE = YES_ERROR;
				CLANG_WARN_DOCUMENTATION_COMMENTS = YES;
				CLANG_WARN_EMPTY_BODY = YES;
				CLANG_WARN_ENUM_CONVERSION = YES;
				CLANG_WARN_INFINITE_RECURSION = YES;
				CLANG_WARN_INT_CONVERSION = YES;
				CLANG_WARN_NON_LITERAL_NULL_CONVERSION = YES;
				CLANG_WARN_OBJC_IMPLICIT_RETAIN_SELF = YES;
				CLANG_WARN_OBJC_LITERAL_CONVERSION = YES;
				CLANG_WARN_OBJC_ROOT_CLASS = YES_ERROR;
				CLANG_WARN_RANGE_LOOP_ANALYSIS = YES;
				CLANG_WARN_STRICT_PROTOTYPES = YES;
				CLANG_WARN_SUSPICIOUS_MOVE = YES;
				CLANG_WARN_UNGUARDED_AVAILABILITY = YES_AGGRESSIVE;
				CLANG_WARN_UNREACHABLE_CODE = YES;
				CLANG_WARN__DUPLICATE_METHOD_MATCH = YES;
				COPY_PHASE_STRIP = NO;
				DEBUG_INFORMATION_FORMAT = dwarf;
				ENABLE_STRICT_OBJC_MSGSEND = YES;
				ENABLE_TESTABILITY = YES;
				GCC_C_LANGUAGE_STANDARD = gnu11;
				GCC_DYNAMIC_NO_PIC = NO;
				GCC_NO_COMMON_BLOCKS = YES;
				GCC_OPTIMIZATION_LEVEL = 0;
				GCC_PREPROCESSOR_DEFINITIONS = (
					"DEBUG=1",
					"$(inherited)",
				);
				GCC_WARN_64_TO_32_BIT_CONVERSION = YES;
				GCC_WARN_ABOUT_RETURN_TYPE = YES_ERROR;
				GCC_WARN_UNDECLARED_SELECTOR = YES;
				GCC_WARN_UNINITIALIZED_AUTOS = YES_AGGRESSIVE;
				GCC_WARN_UNUSED_FUNCTION = YES;
				GCC_WARN_UNUSED_VARIABLE = YES;
				IPHONEOS_DEPLOYMENT_TARGET = 13.5;
				MTL_ENABLE_DEBUG_INFO = INCLUDE_SOURCE;
				MTL_FAST_MATH = YES;
				ONLY_ACTIVE_ARCH = YES;
				SDKROOT = iphoneos;
				SWIFT_ACTIVE_COMPILATION_CONDITIONS = DEBUG;
				SWIFT_OPTIMIZATION_LEVEL = "-Onone";
			};
			name = Debug;
		};
		ACA4870D24A814E2004A2C53 /* Release */ = {
			isa = XCBuildConfiguration;
			buildSettings = {
				ALWAYS_SEARCH_USER_PATHS = NO;
				CLANG_ANALYZER_NONNULL = YES;
				CLANG_ANALYZER_NUMBER_OBJECT_CONVERSION = YES_AGGRESSIVE;
				CLANG_CXX_LANGUAGE_STANDARD = "gnu++14";
				CLANG_CXX_LIBRARY = "libc++";
				CLANG_ENABLE_MODULES = YES;
				CLANG_ENABLE_OBJC_ARC = YES;
				CLANG_ENABLE_OBJC_WEAK = YES;
				CLANG_WARN_BLOCK_CAPTURE_AUTORELEASING = YES;
				CLANG_WARN_BOOL_CONVERSION = YES;
				CLANG_WARN_COMMA = YES;
				CLANG_WARN_CONSTANT_CONVERSION = YES;
				CLANG_WARN_DEPRECATED_OBJC_IMPLEMENTATIONS = YES;
				CLANG_WARN_DIRECT_OBJC_ISA_USAGE = YES_ERROR;
				CLANG_WARN_DOCUMENTATION_COMMENTS = YES;
				CLANG_WARN_EMPTY_BODY = YES;
				CLANG_WARN_ENUM_CONVERSION = YES;
				CLANG_WARN_INFINITE_RECURSION = YES;
				CLANG_WARN_INT_CONVERSION = YES;
				CLANG_WARN_NON_LITERAL_NULL_CONVERSION = YES;
				CLANG_WARN_OBJC_IMPLICIT_RETAIN_SELF = YES;
				CLANG_WARN_OBJC_LITERAL_CONVERSION = YES;
				CLANG_WARN_OBJC_ROOT_CLASS = YES_ERROR;
				CLANG_WARN_RANGE_LOOP_ANALYSIS = YES;
				CLANG_WARN_STRICT_PROTOTYPES = YES;
				CLANG_WARN_SUSPICIOUS_MOVE = YES;
				CLANG_WARN_UNGUARDED_AVAILABILITY = YES_AGGRESSIVE;
				CLANG_WARN_UNREACHABLE_CODE = YES;
				CLANG_WARN__DUPLICATE_METHOD_MATCH = YES;
				COPY_PHASE_STRIP = NO;
				DEBUG_INFORMATION_FORMAT = "dwarf-with-dsym";
				ENABLE_NS_ASSERTIONS = NO;
				ENABLE_STRICT_OBJC_MSGSEND = YES;
				GCC_C_LANGUAGE_STANDARD = gnu11;
				GCC_NO_COMMON_BLOCKS = YES;
				GCC_WARN_64_TO_32_BIT_CONVERSION = YES;
				GCC_WARN_ABOUT_RETURN_TYPE = YES_ERROR;
				GCC_WARN_UNDECLARED_SELECTOR = YES;
				GCC_WARN_UNINITIALIZED_AUTOS = YES_AGGRESSIVE;
				GCC_WARN_UNUSED_FUNCTION = YES;
				GCC_WARN_UNUSED_VARIABLE = YES;
				IPHONEOS_DEPLOYMENT_TARGET = 13.5;
				MTL_ENABLE_DEBUG_INFO = NO;
				MTL_FAST_MATH = YES;
				SDKROOT = iphoneos;
				SWIFT_COMPILATION_MODE = wholemodule;
				SWIFT_OPTIMIZATION_LEVEL = "-O";
				VALIDATE_PRODUCT = YES;
			};
			name = Release;
		};
		ACA4870F24A814E2004A2C53 /* Debug */ = {
			isa = XCBuildConfiguration;
			baseConfigurationReference = 89A4B6D73D16C65FD7F19642 /* Pods-sample-ios-project.debug.xcconfig */;
			buildSettings = {
				ASSETCATALOG_COMPILER_APPICON_NAME = AppIcon;
				CODE_SIGN_STYLE = Automatic;
				DEVELOPMENT_ASSET_PATHS = "\"sample-ios-project/Preview Content\"";
				DEVELOPMENT_TEAM = P44MWD9T48;
				ENABLE_PREVIEWS = YES;
				INFOPLIST_FILE = "sample-ios-project/Info.plist";
				LD_RUNPATH_SEARCH_PATHS = (
					"$(inherited)",
					"@executable_path/Frameworks",
				);
				PRODUCT_BUNDLE_IDENTIFIER = "com.example.ankit.sample-ios-project";
				PRODUCT_NAME = "$(TARGET_NAME)";
				SWIFT_VERSION = 5.0;
				TARGETED_DEVICE_FAMILY = "1,2";
			};
			name = Debug;
		};
		ACA4871024A814E2004A2C53 /* Release */ = {
			isa = XCBuildConfiguration;
			baseConfigurationReference = F59F10B668095BFCEFC8426D /* Pods-sample-ios-project.release.xcconfig */;
			buildSettings = {
				ASSETCATALOG_COMPILER_APPICON_NAME = AppIcon;
				CODE_SIGN_STYLE = Automatic;
				DEVELOPMENT_ASSET_PATHS = "\"sample-ios-project/Preview Content\"";
				DEVELOPMENT_TEAM = P44MWD9T48;
				ENABLE_PREVIEWS = YES;
				INFOPLIST_FILE = "sample-ios-project/Info.plist";
				LD_RUNPATH_SEARCH_PATHS = (
					"$(inherited)",
					"@executable_path/Frameworks",
				);
				PRODUCT_BUNDLE_IDENTIFIER = "com.example.ankit.sample-ios-project";
				PRODUCT_NAME = "$(TARGET_NAME)";
				SWIFT_VERSION = 5.0;
				TARGETED_DEVICE_FAMILY = "1,2";
			};
			name = Release;
		};
		ACA4871224A814E2004A2C53 /* Debug */ = {
			isa = XCBuildConfiguration;
			baseConfigurationReference = 58454729AE093C30C758B0CE /* Pods-sample-ios-projectTests.debug.xcconfig */;
			buildSettings = {
				ALWAYS_EMBED_SWIFT_STANDARD_LIBRARIES = YES;
				BUNDLE_LOADER = "$(TEST_HOST)";
				CODE_SIGN_STYLE = Automatic;
				DEVELOPMENT_TEAM = P44MWD9T48;
				INFOPLIST_FILE = "sample-ios-projectTests/Info.plist";
				IPHONEOS_DEPLOYMENT_TARGET = 13.5;
				LD_RUNPATH_SEARCH_PATHS = (
					"$(inherited)",
					"@executable_path/Frameworks",
					"@loader_path/Frameworks",
				);
				PRODUCT_BUNDLE_IDENTIFIER = "com.example.ankit.sample-ios-projectTests";
				PRODUCT_NAME = "$(TARGET_NAME)";
				SWIFT_VERSION = 5.0;
				TARGETED_DEVICE_FAMILY = "1,2";
				TEST_HOST = "$(BUILT_PRODUCTS_DIR)/sample-ios-project.app/sample-ios-project";
			};
			name = Debug;
		};
		ACA4871324A814E2004A2C53 /* Release */ = {
			isa = XCBuildConfiguration;
			baseConfigurationReference = D9EA151A585411E7F938751E /* Pods-sample-ios-projectTests.release.xcconfig */;
			buildSettings = {
				ALWAYS_EMBED_SWIFT_STANDARD_LIBRARIES = YES;
				BUNDLE_LOADER = "$(TEST_HOST)";
				CODE_SIGN_STYLE = Automatic;
				DEVELOPMENT_TEAM = P44MWD9T48;
				INFOPLIST_FILE = "sample-ios-projectTests/Info.plist";
				IPHONEOS_DEPLOYMENT_TARGET = 13.5;
				LD_RUNPATH_SEARCH_PATHS = (
					"$(inherited)",
					"@executable_path/Frameworks",
					"@loader_path/Frameworks",
				);
				PRODUCT_BUNDLE_IDENTIFIER = "com.example.ankit.sample-ios-projectTests";
				PRODUCT_NAME = "$(TARGET_NAME)";
				SWIFT_VERSION = 5.0;
				TARGETED_DEVICE_FAMILY = "1,2";
				TEST_HOST = "$(BUILT_PRODUCTS_DIR)/sample-ios-project.app/sample-ios-project";
			};
			name = Release;
		};
		ACA4871524A814E2004A2C53 /* Debug */ = {
			isa = XCBuildConfiguration;
			baseConfigurationReference = D010C738CA430F20B1102EC3 /* Pods-sample-ios-project-sample-ios-projectUITests.debug.xcconfig */;
			buildSettings = {
				ALWAYS_EMBED_SWIFT_STANDARD_LIBRARIES = YES;
				CODE_SIGN_STYLE = Automatic;
				DEVELOPMENT_TEAM = P44MWD9T48;
				INFOPLIST_FILE = "sample-ios-projectUITests/Info.plist";
				LD_RUNPATH_SEARCH_PATHS = (
					"$(inherited)",
					"@executable_path/Frameworks",
					"@loader_path/Frameworks",
				);
				PRODUCT_BUNDLE_IDENTIFIER = "com.example.ankit.sample-ios-projectUITests";
				PRODUCT_NAME = "$(TARGET_NAME)";
				SWIFT_VERSION = 5.0;
				TARGETED_DEVICE_FAMILY = "1,2";
				TEST_TARGET_NAME = "sample-ios-project";
			};
			name = Debug;
		};
		ACA4871624A814E2004A2C53 /* Release */ = {
			isa = XCBuildConfiguration;
			baseConfigurationReference = 7D35515E64DDE9EE9AFA9486 /* Pods-sample-ios-project-sample-ios-projectUITests.release.xcconfig */;
			buildSettings = {
				ALWAYS_EMBED_SWIFT_STANDARD_LIBRARIES = YES;
				CODE_SIGN_STYLE = Automatic;
				DEVELOPMENT_TEAM = P44MWD9T48;
				INFOPLIST_FILE = "sample-ios-projectUITests/Info.plist";
				LD_RUNPATH_SEARCH_PATHS = (
					"$(inherited)",
					"@executable_path/Frameworks",
					"@loader_path/Frameworks",
				);
				PRODUCT_BUNDLE_IDENTIFIER = "com.example.ankit.sample-ios-projectUITests";
				PRODUCT_NAME = "$(TARGET_NAME)";
				SWIFT_VERSION = 5.0;
				TARGETED_DEVICE_FAMILY = "1,2";
				TEST_TARGET_NAME = "sample-ios-project";
			};
			name = Release;
		};
/* End XCBuildConfiguration section */

/* Begin XCConfigurationList section */
		ACA486DF24A814DF004A2C53 /* Build configuration list for PBXProject "sample-ios-project" */ = {
			isa = XCConfigurationList;
			buildConfigurations = (
				ACA4870C24A814E2004A2C53 /* Debug */,
				ACA4870D24A814E2004A2C53 /* Release */,
			);
			defaultConfigurationIsVisible = 0;
			defaultConfigurationName = Release;
		};
		ACA4870E24A814E2004A2C53 /* Build configuration list for PBXNativeTarget "sample-ios-project" */ = {
			isa = XCConfigurationList;
			buildConfigurations = (
				ACA4870F24A814E2004A2C53 /* Debug */,
				ACA4871024A814E2004A2C53 /* Release */,
			);
			defaultConfigurationIsVisible = 0;
			defaultConfigurationName = Release;
		};
		ACA4871124A814E2004A2C53 /* Build configuration list for PBXNativeTarget "sample-ios-projectTests" */ = {
			isa = XCConfigurationList;
			buildConfigurations = (
				ACA4871224A814E2004A2C53 /* Debug */,
				ACA4871324A814E2004A2C53 /* Release */,
			);
			defaultConfigurationIsVisible = 0;
			defaultConfigurationName = Release;
		};
		ACA4871424A814E2004A2C53 /* Build configuration list for PBXNativeTarget "sample-ios-projectUITests" */ = {
			isa = XCConfigurationList;
			buildConfigurations = (
				ACA4871524A814E2004A2C53 /* Debug */,
				ACA4871624A814E2004A2C53 /* Release */,
			);
			defaultConfigurationIsVisible = 0;
			defaultConfigurationName = Release;
		};
/* End XCConfigurationList section */
	};
	rootObject = ACA486DC24A814DF004A2C53 /* Project object */;
}
